
Microsoft Visual Studio Solution File, Format Version 12.00
# Visual Studio Version 17
VisualStudioVersion = 17.14.36301.6 d17.14
MinimumVisualStudioVersion = 10.0.40219.1
Project("{FAE04EC0-301F-11D3-BF4B-00C04F79EFBC}") = "16HWFluentAPI", "16HWFluentAPI\16HWFluentAPI.csproj", "{B0304120-6F06-4DCA-8AB2-38E8050609E9}"
EndProject
Project("{FAE04EC0-301F-11D3-BF4B-00C04F79EFBC}") = "DataBase", "DataBase\DataBase.csproj", "{C7D49B9F-D62E-4F94-8E82-4F8C18DCC19E}"
EndProject
Global
	GlobalSection(SolutionConfigurationPlatforms) = preSolution
		Debug|Any CPU = Debug|Any CPU
		Release|Any CPU = Release|Any CPU
	EndGlobalSection
	GlobalSection(ProjectConfigurationPlatforms) = postSolution
		{B0304120-6F06-4DCA-8AB2-38E8050609E9}.Debug|Any CPU.ActiveCfg = Debug|Any CPU
		{B0304120-6F06-4DCA-8AB2-38E8050609E9}.Debug|Any CPU.Build.0 = Debug|Any CPU
		{B0304120-6F06-4DCA-8AB2-38E8050609E9}.Release|Any CPU.ActiveCfg = Release|Any CPU
		{B0304120-6F06-4DCA-8AB2-38E8050609E9}.Release|Any CPU.Build.0 = Release|Any CPU
		{C7D49B9F-D62E-4F94-8E82-4F8C18DCC19E}.Debug|Any CPU.ActiveCfg = Debug|Any CPU
		{C7D49B9F-D62E-4F94-8E82-4F8C18DCC19E}.Debug|Any CPU.Build.0 = Debug|Any CPU
		{C7D49B9F-D62E-4F94-8E82-4F8C18DCC19E}.Release|Any CPU.ActiveCfg = Release|Any CPU
		{C7D49B9F-D62E-4F94-8E82-4F8C18DCC19E}.Release|Any CPU.Build.0 = Release|Any CPU
	EndGlobalSection
	GlobalSection(SolutionProperties) = preSolution
		HideSolutionNode = FALSE
	EndGlobalSection
	GlobalSection(ExtensibilityGlobals) = postSolution
		SolutionGuid = {78A3581F-E93E-470F-94EE-EC74B376E177}
	EndGlobalSection
EndGlobal
